// !$*UTF8*$!
{
	archiveVersion = 1;
	classes = {
	};
	objectVersion = 50;
	objects = {

/* Begin PBXBuildFile section */
		8CAC68C5213B000C001B34A0 /* AppDelegate.swift in Sources */ = {isa = PBXBuildFile; fileRef = 8CAC68C4213B000C001B34A0 /* AppDelegate.swift */; };
		8CAC68C7213B000C001B34A0 /* ViewController.swift in Sources */ = {isa = PBXBuildFile; fileRef = 8CAC68C6213B000C001B34A0 /* ViewController.swift */; };
		8CAC68CA213B000C001B34A0 /* Main.storyboard in Resources */ = {isa = PBXBuildFile; fileRef = 8CAC68C8213B000C001B34A0 /* Main.storyboard */; };
		8CAC68CC213B000D001B34A0 /* Assets.xcassets in Resources */ = {isa = PBXBuildFile; fileRef = 8CAC68CB213B000D001B34A0 /* Assets.xcassets */; };
		8CAC68CF213B000D001B34A0 /* LaunchScreen.storyboard in Resources */ = {isa = PBXBuildFile; fileRef = 8CAC68CD213B000D001B34A0 /* LaunchScreen.storyboard */; };
		8CAC68D7213B00E3001B34A0 /* Model.swift in Sources */ = {isa = PBXBuildFile; fileRef = 8CAC68D6213B00E3001B34A0 /* Model.swift */; };
		8CAC68D9213B10ED001B34A0 /* SecondViewController.swift in Sources */ = {isa = PBXBuildFile; fileRef = 8CAC68D8213B10EC001B34A0 /* SecondViewController.swift */; };
/* End PBXBuildFile section */

/* Begin PBXFileReference section */
		8CAC68C1213B000C001B34A0 /* iTunesTable.app */ = {isa = PBXFileReference; explicitFileType = wrapper.application; includeInIndex = 0; path = iTunesTable.app; sourceTree = BUILT_PRODUCTS_DIR; };
		8CAC68C4213B000C001B34A0 /* AppDelegate.swift */ = {isa = PBXFileReference; lastKnownFileType = sourcecode.swift; path = AppDelegate.swift; sourceTree = "<group>"; };
		8CAC68C6213B000C001B34A0 /* ViewController.swift */ = {isa = PBXFileReference; lastKnownFileType = sourcecode.swift; path = ViewController.swift; sourceTree = "<group>"; };
		8CAC68C9213B000C001B34A0 /* Base */ = {isa = PBXFileReference; lastKnownFileType = file.storyboard; name = Base; path = Base.lproj/Main.storyboard; sourceTree = "<group>"; };
		8CAC68CB213B000D001B34A0 /* Assets.xcassets */ = {isa = PBXFileReference; lastKnownFileType = folder.assetcatalog; path = Assets.xcassets; sourceTree = "<group>"; };
		8CAC68CE213B000D001B34A0 /* Base */ = {isa = PBXFileReference; lastKnownFileType = file.storyboard; name = Base; path = Base.lproj/LaunchScreen.storyboard; sourceTree = "<group>"; };
		8CAC68D0213B000D001B34A0 /* Info.plist */ = {isa = PBXFileReference; lastKnownFileType = text.plist.xml; path = Info.plist; sourceTree = "<group>"; };
		8CAC68D6213B00E3001B34A0 /* Model.swift */ = {isa = PBXFileReference; lastKnownFileType = sourcecode.swift; path = Model.swift; sourceTree = "<group>"; };
		8CAC68D8213B10EC001B34A0 /* SecondViewController.swift */ = {isa = PBXFileReference; lastKnownFileType = sourcecode.swift; path = SecondViewController.swift; sourceTree = "<group>"; };
/* End PBXFileReference section */

/* Begin PBXFrameworksBuildPhase section */
		8CAC68BE213B000C001B34A0 /* Frameworks */ = {
			isa = PBXFrameworksBuildPhase;
			buildActionMask = 2147483647;
			files = (
			);
			runOnlyForDeploymentPostprocessing = 0;
		};
/* End PBXFrameworksBuildPhase section */

/* Begin PBXGroup section */
		8CAC68B8213B000C001B34A0 = {
			isa = PBXGroup;
			children = (
				8CAC68C3213B000C001B34A0 /* iTunesTable */,
				8CAC68C2213B000C001B34A0 /* Products */,
			);
			sourceTree = "<group>";
		};
		8CAC68C2213B000C001B34A0 /* Products */ = {
			isa = PBXGroup;
			children = (
				8CAC68C1213B000C001B34A0 /* iTunesTable.app */,
			);
			name = Products;
			sourceTree = "<group>";
		};
		8CAC68C3213B000C001B34A0 /* iTunesTable */ = {
			isa = PBXGroup;
			children = (
				8CAC68C4213B000C001B34A0 /* AppDelegate.swift */,
				8CAC68C6213B000C001B34A0 /* ViewController.swift */,
				8CAC68C8213B000C001B34A0 /* Main.storyboard */,
				8CAC68CB213B000D001B34A0 /* Assets.xcassets */,
				8CAC68CD213B000D001B34A0 /* LaunchScreen.storyboard */,
				8CAC68D0213B000D001B34A0 /* Info.plist */,
				8CAC68D6213B00E3001B34A0 /* Model.swift */,
				8CAC68D8213B10EC001B34A0 /* SecondViewController.swift */,
			);
			path = iTunesTable;
			sourceTree = "<group>";
		};
/* End PBXGroup section */

/* Begin PBXNativeTarget section */
		8CAC68C0213B000C001B34A0 /* iTunesTable */ = {
			isa = PBXNativeTarget;
			buildConfigurationList = 8CAC68D3213B000D001B34A0 /* Build configuration list for PBXNativeTarget "iTunesTable" */;
			buildPhases = (
				8CAC68BD213B000C001B34A0 /* Sources */,
				8CAC68BE213B000C001B34A0 /* Frameworks */,
				8CAC68BF213B000C001B34A0 /* Resources */,
			);
			buildRules = (
			);
			dependencies = (
			);
			name = iTunesTable;
			productName = iTunesTable;
			productReference = 8CAC68C1213B000C001B34A0 /* iTunesTable.app */;
			productType = "com.apple.product-type.application";
		};
/* End PBXNativeTarget section */

/* Begin PBXProject section */
		8CAC68B9213B000C001B34A0 /* Project object */ = {
			isa = PBXProject;
			attributes = {
				LastSwiftUpdateCheck = 0940;
				LastUpgradeCheck = 0940;
				ORGANIZATIONNAME = "Ricardo Yepez";
				TargetAttributes = {
					8CAC68C0213B000C001B34A0 = {
						CreatedOnToolsVersion = 9.4.1;
					};
				};
			};
			buildConfigurationList = 8CAC68BC213B000C001B34A0 /* Build configuration list for PBXProject "iTunesTable" */;
			compatibilityVersion = "Xcode 9.3";
			developmentRegion = en;
			hasScannedForEncodings = 0;
			knownRegions = (
				en,
				Base,
			);
			mainGroup = 8CAC68B8213B000C001B34A0;
			productRefGroup = 8CAC68C2213B000C001B34A0 /* Products */;
			projectDirPath = "";
			projectRoot = "";
			targets = (
				8CAC68C0213B000C001B34A0 /* iTunesTable */,
			);
		};
/* End PBXProject section */

/* Begin PBXResourcesBuildPhase section */
		8CAC68BF213B000C001B34A0 /* Resources */ = {
			isa = PBXResourcesBuildPhase;
			buildActionMask = 2147483647;
			files = (
				8CAC68CF213B000D001B34A0 /* LaunchScreen.storyboard in Resources */,
				8CAC68CC213B000D001B34A0 /* Assets.xcassets in Resources */,
				8CAC68CA213B000C001B34A0 /* Main.storyboard in Resources */,
			);
			runOnlyForDeploymentPostprocessing = 0;
		};
/* End PBXResourcesBuildPhase section */

/* Begin PBXSourcesBuildPhase section */
		8CAC68BD213B000C001B34A0 /* Sources */ = {
			isa = PBXSourcesBuildPhase;
			buildActionMask = 2147483647;
			files = (
				8CAC68D9213B10ED001B34A0 /* SecondViewController.swift in Sources */,
				8CAC68D7213B00E3001B34A0 /* Model.swift in Sources */,
				8CAC68C7213B000C001B34A0 /* ViewController.swift in Sources */,
				8CAC68C5213B000C001B34A0 /* AppDelegate.swift in Sources */,
			);
			runOnlyForDeploymentPostprocessing = 0;
		};
/* End PBXSourcesBuildPhase section */

/* Begin PBXVariantGroup section */
		8CAC68C8213B000C001B34A0 /* Main.storyboard */ = {
			isa = PBXVariantGroup;
			children = (
				8CAC68C9213B000C001B34A0 /* Base */,
			);
			name = Main.storyboard;
			sourceTree = "<group>";
		};
		8CAC68CD213B000D001B34A0 /* LaunchScreen.storyboard */ = {
			isa = PBXVariantGroup;
			children = (
				8CAC68CE213B000D001B34A0 /* Base */,
			);
			name = LaunchScreen.storyboard;
			sourceTree = "<group>";
		};
/* End PBXVariantGroup section */

/* Begin XCBuildConfiguration section */
		8CAC68D1213B000D001B34A0 /* Debug */ = {
			isa = XCBuildConfiguration;
			buildSettings = {
				ALWAYS_SEARCH_USER_PATHS = NO;
				CLANG_ANALYZER_NONNULL = YES;
				CLANG_ANALYZER_NUMBER_OBJECT_CONVERSION = YES_AGGRESSIVE;
				CLANG_CXX_LANGUAGE_STANDARD = "gnu++14";
				CLANG_CXX_LIBRARY = "libc++";
				CLANG_ENABLE_MODULES = YES;
				CLANG_ENABLE_OBJC_ARC = YES;
				CLANG_ENABLE_OBJC_WEAK = YES;
				CLANG_WARN_BLOCK_CAPTURE_AUTORELEASING = YES;
				CLANG_WARN_BOOL_CONVERSION = YES;
				CLANG_WARN_COMMA = YES;
				CLANG_WARN_CONSTANT_CONVERSION = YES;
				CLANG_WARN_DEPRECATED_OBJC_IMPLEMENTATIONS = YES;
				CLANG_WARN_DIRECT_OBJC_ISA_USAGE = YES_ERROR;
				CLANG_WARN_DOCUMENTATION_COMMENTS = YES;
				CLANG_WARN_EMPTY_BODY = YES;
				CLANG_WARN_ENUM_CONVERSION = YES;
				CLANG_WARN_INFINITE_RECURSION = YES;
				CLANG_WARN_INT_CONVERSION = YES;
				CLANG_WARN_NON_LITERAL_NULL_CONVERSION = YES;
				CLANG_WARN_OBJC_IMPLICIT_RETAIN_SELF = YES;
				CLANG_WARN_OBJC_LITERAL_CONVERSION = YES;
				CLANG_WARN_OBJC_ROOT_CLASS = YES_ERROR;
				CLANG_WARN_RANGE_LOOP_ANALYSIS = YES;
				CLANG_WARN_STRICT_PROTOTYPES = YES;
				CLANG_WARN_SUSPICIOUS_MOVE = YES;
				CLANG_WARN_UNGUARDED_AVAILABILITY = YES_AGGRESSIVE;
				CLANG_WARN_UNREACHABLE_CODE = YES;
				CLANG_WARN__DUPLICATE_METHOD_MATCH = YES;
				CODE_SIGN_IDENTITY = "iPhone Developer";
				COPY_PHASE_STRIP = NO;
				DEBUG_INFORMATION_FORMAT = dwarf;
				ENABLE_STRICT_OBJC_MSGSEND = YES;
				ENABLE_TESTABILITY = YES;
				GCC_C_LANGUAGE_STANDARD = gnu11;
				GCC_DYNAMIC_NO_PIC = NO;
				GCC_NO_COMMON_BLOCKS = YES;
				GCC_OPTIMIZATION_LEVEL = 0;
				GCC_PREPROCESSOR_DEFINITIONS = (
					"DEBUG=1",
					"$(inherited)",
				);
				GCC_WARN_64_TO_32_BIT_CONVERSION = YES;
				GCC_WARN_ABOUT_RETURN_TYPE = YES_ERROR;
				GCC_WARN_UNDECLARED_SELECTOR = YES;
				GCC_WARN_UNINITIALIZED_AUTOS = YES_AGGRESSIVE;
				GCC_WARN_UNUSED_FUNCTION = YES;
				GCC_WARN_UNUSED_VARIABLE = YES;
				IPHONEOS_DEPLOYMENT_TARGET = 11.4;
				MTL_ENABLE_DEBUG_INFO = YES;
				ONLY_ACTIVE_ARCH = YES;
				SDKROOT = iphoneos;
				SWIFT_ACTIVE_COMPILATION_CONDITIONS = DEBUG;
				SWIFT_OPTIMIZATION_LEVEL = "-Onone";
			};
			name = Debug;
		};
		8CAC68D2213B000D001B34A0 /* Release */ = {
			isa = XCBuildConfiguration;
			buildSettings = {
				ALWAYS_SEARCH_USER_PATHS = NO;
				CLANG_ANALYZER_NONNULL = YES;
				CLANG_ANALYZER_NUMBER_OBJECT_CONVERSION = YES_AGGRESSIVE;
				CLANG_CXX_LANGUAGE_STANDARD = "gnu++14";
				CLANG_CXX_LIBRARY = "libc++";
				CLANG_ENABLE_MODULES = YES;
				CLANG_ENABLE_OBJC_ARC = YES;
				CLANG_ENABLE_OBJC_WEAK = YES;
				CLANG_WARN_BLOCK_CAPTURE_AUTORELEASING = YES;
				CLANG_WARN_BOOL_CONVERSION = YES;
				CLANG_WARN_COMMA = YES;
				CLANG_WARN_CONSTANT_CONVERSION = YES;
				CLANG_WARN_DEPRECATED_OBJC_IMPLEMENTATIONS = YES;
				CLANG_WARN_DIRECT_OBJC_ISA_USAGE = YES_ERROR;
				CLANG_WARN_DOCUMENTATION_COMMENTS = YES;
				CLANG_WARN_EMPTY_BODY = YES;
				CLANG_WARN_ENUM_CONVERSION = YES;
				CLANG_WARN_INFINITE_RECURSION = YES;
				CLANG_WARN_INT_CONVERSION = YES;
				CLANG_WARN_NON_LITERAL_NULL_CONVERSION = YES;
				CLANG_WARN_OBJC_IMPLICIT_RETAIN_SELF = YES;
				CLANG_WARN_OBJC_LITERAL_CONVERSION = YES;
				CLANG_WARN_OBJC_ROOT_CLASS = YES_ERROR;
				CLANG_WARN_RANGE_LOOP_ANALYSIS = YES;
				CLANG_WARN_STRICT_PROTOTYPES = YES;
				CLANG_WARN_SUSPICIOUS_MOVE = YES;
				CLANG_WARN_UNGUARDED_AVAILABILITY = YES_AGGRESSIVE;
				CLANG_WARN_UNREACHABLE_CODE = YES;
				CLANG_WARN__DUPLICATE_METHOD_MATCH = YES;
				CODE_SIGN_IDENTITY = "iPhone Developer";
				COPY_PHASE_STRIP = NO;
				DEBUG_INFORMATION_FORMAT = "dwarf-with-dsym";
				ENABLE_NS_ASSERTIONS = NO;
				ENABLE_STRICT_OBJC_MSGSEND = YES;
				GCC_C_LANGUAGE_STANDARD = gnu11;
				GCC_NO_COMMON_BLOCKS = YES;
				GCC_WARN_64_TO_32_BIT_CONVERSION = YES;
				GCC_WARN_ABOUT_RETURN_TYPE = YES_ERROR;
				GCC_WARN_UNDECLARED_SELECTOR = YES;
				GCC_WARN_UNINITIALIZED_AUTOS = YES_AGGRESSIVE;
				GCC_WARN_UNUSED_FUNCTION = YES;
				GCC_WARN_UNUSED_VARIABLE = YES;
				IPHONEOS_DEPLOYMENT_TARGET = 11.4;
				MTL_ENABLE_DEBUG_INFO = NO;
				SDKROOT = iphoneos;
				SWIFT_COMPILATION_MODE = wholemodule;
				SWIFT_OPTIMIZATION_LEVEL = "-O";
				VALIDATE_PRODUCT = YES;
			};
			name = Release;
		};
		8CAC68D4213B000D001B34A0 /* Debug */ = {
			isa = XCBuildConfiguration;
			buildSettings = {
				ASSETCATALOG_COMPILER_APPICON_NAME = AppIcon;
				CODE_SIGN_STYLE = Automatic;
				DEVELOPMENT_TEAM = 4HHL8R74H5;
				INFOPLIST_FILE = iTunesTable/Info.plist;
				LD_RUNPATH_SEARCH_PATHS = (
					"$(inherited)",
					"@executable_path/Frameworks",
				);
				PRODUCT_BUNDLE_IDENTIFIER = com.mx.rictar.iTunesTable;
				PRODUCT_NAME = "$(TARGET_NAME)";
				SWIFT_VERSION = 4.0;
				TARGETED_DEVICE_FAMILY = "1,2";
			};
			name = Debug;
		};
		8CAC68D5213B000D001B34A0 /* Release */ = {
			isa = XCBuildConfiguration;
			buildSettings = {
				ASSETCATALOG_COMPILER_APPICON_NAME = AppIcon;
				CODE_SIGN_STYLE = Automatic;
				DEVELOPMENT_TEAM = 4HHL8R74H5;
				INFOPLIST_FILE = iTunesTable/Info.plist;
				LD_RUNPATH_SEARCH_PATHS = (
					"$(inherited)",
					"@executable_path/Frameworks",
				);
				PRODUCT_BUNDLE_IDENTIFIER = com.mx.rictar.iTunesTable;
				PRODUCT_NAME = "$(TARGET_NAME)";
				SWIFT_VERSION = 4.0;
				TARGETED_DEVICE_FAMILY = "1,2";
			};
			name = Release;
		};
/* End XCBuildConfiguration section */

/* Begin XCConfigurationList section */
		8CAC68BC213B000C001B34A0 /* Build configuration list for PBXProject "iTunesTable" */ = {
			isa = XCConfigurationList;
			buildConfigurations = (
				8CAC68D1213B000D001B34A0 /* Debug */,
				8CAC68D2213B000D001B34A0 /* Release */,
			);
			defaultConfigurationIsVisible = 0;
			defaultConfigurationName = Release;
		};
		8CAC68D3213B000D001B34A0 /* Build configuration list for PBXNativeTarget "iTunesTable" */ = {
			isa = XCConfigurationList;
			buildConfigurations = (
				8CAC68D4213B000D001B34A0 /* Debug */,
				8CAC68D5213B000D001B34A0 /* Release */,
			);
			defaultConfigurationIsVisible = 0;
			defaultConfigurationName = Release;
		};
/* End XCConfigurationList section */
	};
	rootObject = 8CAC68B9213B000C001B34A0 /* Project object */;
}
